// !$*UTF8*$!
{
	archiveVersion = 1;
	classes = {
	};
	objectVersion = 46;
	objects = {

/* Begin PBXBuildFile section */
		9571DCD41D8CAA5B00D267E9 /* AppDelegate.swift in Sources */ = {isa = PBXBuildFile; fileRef = 9571DCD31D8CAA5B00D267E9 /* AppDelegate.swift */; };
		9571DCD61D8CAA5B00D267E9 /* GameScene.sks in Resources */ = {isa = PBXBuildFile; fileRef = 9571DCD51D8CAA5B00D267E9 /* GameScene.sks */; };
		9571DCD81D8CAA5B00D267E9 /* GameScene.swift in Sources */ = {isa = PBXBuildFile; fileRef = 9571DCD71D8CAA5B00D267E9 /* GameScene.swift */; };
		9571DCDA1D8CAA5B00D267E9 /* GameViewController.swift in Sources */ = {isa = PBXBuildFile; fileRef = 9571DCD91D8CAA5B00D267E9 /* GameViewController.swift */; };
		9571DCDD1D8CAA5B00D267E9 /* Main.storyboard in Resources */ = {isa = PBXBuildFile; fileRef = 9571DCDB1D8CAA5B00D267E9 /* Main.storyboard */; };
		9571DCDF1D8CAA5B00D267E9 /* Assets.xcassets in Resources */ = {isa = PBXBuildFile; fileRef = 9571DCDE1D8CAA5B00D267E9 /* Assets.xcassets */; };
		9571DCE21D8CAA5B00D267E9 /* LaunchScreen.storyboard in Resources */ = {isa = PBXBuildFile; fileRef = 9571DCE01D8CAA5B00D267E9 /* LaunchScreen.storyboard */; };
		9571DCEA1D8CB71800D267E9 /* Helper.swift in Sources */ = {isa = PBXBuildFile; fileRef = 9571DCE91D8CB71800D267E9 /* Helper.swift */; };
		9571DCEC1D8CC3DA00D267E9 /* BuildingNode.swift in Sources */ = {isa = PBXBuildFile; fileRef = 9571DCEB1D8CC3DA00D267E9 /* BuildingNode.swift */; };
		9571DCEE1D90958800D267E9 /* Assets.atlas in Resources */ = {isa = PBXBuildFile; fileRef = 9571DCED1D90958800D267E9 /* Assets.atlas */; };
		9571DCF11D90972C00D267E9 /* hitBuilding.sks in Resources */ = {isa = PBXBuildFile; fileRef = 9571DCEF1D90972C00D267E9 /* hitBuilding.sks */; };
		9571DCF21D90972C00D267E9 /* hitPlayer.sks in Resources */ = {isa = PBXBuildFile; fileRef = 9571DCF01D90972C00D267E9 /* hitPlayer.sks */; };
/* End PBXBuildFile section */

/* Begin PBXFileReference section */
		9571DCD01D8CAA5B00D267E9 /* Project29.app */ = {isa = PBXFileReference; explicitFileType = wrapper.application; includeInIndex = 0; path = Project29.app; sourceTree = BUILT_PRODUCTS_DIR; };
		9571DCD31D8CAA5B00D267E9 /* AppDelegate.swift */ = {isa = PBXFileReference; lastKnownFileType = sourcecode.swift; path = AppDelegate.swift; sourceTree = "<group>"; };
		9571DCD51D8CAA5B00D267E9 /* GameScene.sks */ = {isa = PBXFileReference; lastKnownFileType = file.sks; path = GameScene.sks; sourceTree = "<group>"; };
		9571DCD71D8CAA5B00D267E9 /* GameScene.swift */ = {isa = PBXFileReference; lastKnownFileType = sourcecode.swift; path = GameScene.swift; sourceTree = "<group>"; };
		9571DCD91D8CAA5B00D267E9 /* GameViewController.swift */ = {isa = PBXFileReference; lastKnownFileType = sourcecode.swift; path = GameViewController.swift; sourceTree = "<group>"; };
		9571DCDC1D8CAA5B00D267E9 /* Base */ = {isa = PBXFileReference; lastKnownFileType = file.storyboard; name = Base; path = Base.lproj/Main.storyboard; sourceTree = "<group>"; };
		9571DCDE1D8CAA5B00D267E9 /* Assets.xcassets */ = {isa = PBXFileReference; lastKnownFileType = folder.assetcatalog; path = Assets.xcassets; sourceTree = "<group>"; };
		9571DCE11D8CAA5B00D267E9 /* Base */ = {isa = PBXFileReference; lastKnownFileType = file.storyboard; name = Base; path = Base.lproj/LaunchScreen.storyboard; sourceTree = "<group>"; };
		9571DCE31D8CAA5B00D267E9 /* Info.plist */ = {isa = PBXFileReference; lastKnownFileType = text.plist.xml; path = Info.plist; sourceTree = "<group>"; };
		9571DCE91D8CB71800D267E9 /* Helper.swift */ = {isa = PBXFileReference; fileEncoding = 4; lastKnownFileType = sourcecode.swift; path = Helper.swift; sourceTree = "<group>"; };
		9571DCEB1D8CC3DA00D267E9 /* BuildingNode.swift */ = {isa = PBXFileReference; fileEncoding = 4; lastKnownFileType = sourcecode.swift; path = BuildingNode.swift; sourceTree = "<group>"; };
		9571DCED1D90958800D267E9 /* Assets.atlas */ = {isa = PBXFileReference; lastKnownFileType = folder.skatlas; path = Assets.atlas; sourceTree = "<group>"; };
		9571DCEF1D90972C00D267E9 /* hitBuilding.sks */ = {isa = PBXFileReference; lastKnownFileType = file.sks; path = hitBuilding.sks; sourceTree = "<group>"; };
		9571DCF01D90972C00D267E9 /* hitPlayer.sks */ = {isa = PBXFileReference; lastKnownFileType = file.sks; path = hitPlayer.sks; sourceTree = "<group>"; };
/* End PBXFileReference section */

/* Begin PBXFrameworksBuildPhase section */
		9571DCCD1D8CAA5B00D267E9 /* Frameworks */ = {
			isa = PBXFrameworksBuildPhase;
			buildActionMask = 2147483647;
			files = (
			);
			runOnlyForDeploymentPostprocessing = 0;
		};
/* End PBXFrameworksBuildPhase section */

/* Begin PBXGroup section */
		9571DCC71D8CAA5B00D267E9 = {
			isa = PBXGroup;
			children = (
				9571DCD21D8CAA5B00D267E9 /* Project29 */,
				9571DCD11D8CAA5B00D267E9 /* Products */,
			);
			sourceTree = "<group>";
		};
		9571DCD11D8CAA5B00D267E9 /* Products */ = {
			isa = PBXGroup;
			children = (
				9571DCD01D8CAA5B00D267E9 /* Project29.app */,
			);
			name = Products;
			sourceTree = "<group>";
		};
		9571DCD21D8CAA5B00D267E9 /* Project29 */ = {
			isa = PBXGroup;
			children = (
				9571DCD31D8CAA5B00D267E9 /* AppDelegate.swift */,
				9571DCD51D8CAA5B00D267E9 /* GameScene.sks */,
				9571DCEB1D8CC3DA00D267E9 /* BuildingNode.swift */,
				9571DCD71D8CAA5B00D267E9 /* GameScene.swift */,
				9571DCD91D8CAA5B00D267E9 /* GameViewController.swift */,
				9571DCE91D8CB71800D267E9 /* Helper.swift */,
				9571DCDB1D8CAA5B00D267E9 /* Main.storyboard */,
				9571DCDE1D8CAA5B00D267E9 /* Assets.xcassets */,
				9571DCED1D90958800D267E9 /* Assets.atlas */,
				9571DCE01D8CAA5B00D267E9 /* LaunchScreen.storyboard */,
				9571DCE31D8CAA5B00D267E9 /* Info.plist */,
				9571DCEF1D90972C00D267E9 /* hitBuilding.sks */,
				9571DCF01D90972C00D267E9 /* hitPlayer.sks */,
			);
			path = Project29;
			sourceTree = "<group>";
		};
/* End PBXGroup section */

/* Begin PBXNativeTarget section */
		9571DCCF1D8CAA5B00D267E9 /* Project29 */ = {
			isa = PBXNativeTarget;
			buildConfigurationList = 9571DCE61D8CAA5B00D267E9 /* Build configuration list for PBXNativeTarget "Project29" */;
			buildPhases = (
				9571DCCC1D8CAA5B00D267E9 /* Sources */,
				9571DCCD1D8CAA5B00D267E9 /* Frameworks */,
				9571DCCE1D8CAA5B00D267E9 /* Resources */,
			);
			buildRules = (
			);
			dependencies = (
			);
			name = Project29;
			productName = Project29;
			productReference = 9571DCD01D8CAA5B00D267E9 /* Project29.app */;
			productType = "com.apple.product-type.application";
		};
/* End PBXNativeTarget section */

/* Begin PBXProject section */
		9571DCC81D8CAA5B00D267E9 /* Project object */ = {
			isa = PBXProject;
			attributes = {
				LastSwiftUpdateCheck = 0730;
				LastUpgradeCheck = 0730;
				ORGANIZATIONNAME = "Jeffrey Eng";
				TargetAttributes = {
					9571DCCF1D8CAA5B00D267E9 = {
						CreatedOnToolsVersion = 7.3.1;
					};
				};
			};
			buildConfigurationList = 9571DCCB1D8CAA5B00D267E9 /* Build configuration list for PBXProject "Project29" */;
			compatibilityVersion = "Xcode 3.2";
			developmentRegion = English;
			hasScannedForEncodings = 0;
			knownRegions = (
				en,
				Base,
			);
			mainGroup = 9571DCC71D8CAA5B00D267E9;
			productRefGroup = 9571DCD11D8CAA5B00D267E9 /* Products */;
			projectDirPath = "";
			projectRoot = "";
			targets = (
				9571DCCF1D8CAA5B00D267E9 /* Project29 */,
			);
		};
/* End PBXProject section */

/* Begin PBXResourcesBuildPhase section */
		9571DCCE1D8CAA5B00D267E9 /* Resources */ = {
			isa = PBXResourcesBuildPhase;
			buildActionMask = 2147483647;
			files = (
				9571DCF21D90972C00D267E9 /* hitPlayer.sks in Resources */,
				9571DCD61D8CAA5B00D267E9 /* GameScene.sks in Resources */,
				9571DCE21D8CAA5B00D267E9 /* LaunchScreen.storyboard in Resources */,
				9571DCEE1D90958800D267E9 /* Assets.atlas in Resources */,
				9571DCDF1D8CAA5B00D267E9 /* Assets.xcassets in Resources */,
				9571DCDD1D8CAA5B00D267E9 /* Main.storyboard in Resources */,
				9571DCF11D90972C00D267E9 /* hitBuilding.sks in Resources */,
			);
			runOnlyForDeploymentPostprocessing = 0;
		};
/* End PBXResourcesBuildPhase section */

/* Begin PBXSourcesBuildPhase section */
		9571DCCC1D8CAA5B00D267E9 /* Sources */ = {
			isa = PBXSourcesBuildPhase;
			buildActionMask = 2147483647;
			files = (
				9571DCD81D8CAA5B00D267E9 /* GameScene.swift in Sources */,
				9571DCEC1D8CC3DA00D267E9 /* BuildingNode.swift in Sources */,
				9571DCDA1D8CAA5B00D267E9 /* GameViewController.swift in Sources */,
				9571DCD41D8CAA5B00D267E9 /* AppDelegate.swift in Sources */,
				9571DCEA1D8CB71800D267E9 /* Helper.swift in Sources */,
			);
			runOnlyForDeploymentPostprocessing = 0;
		};
/* End PBXSourcesBuildPhase section */

/* Begin PBXVariantGroup section */
		9571DCDB1D8CAA5B00D267E9 /* Main.storyboard */ = {
			isa = PBXVariantGroup;
			children = (
				9571DCDC1D8CAA5B00D267E9 /* Base */,
			);
			name = Main.storyboard;
			sourceTree = "<group>";
		};
		9571DCE01D8CAA5B00D267E9 /* LaunchScreen.storyboard */ = {
			isa = PBXVariantGroup;
			children = (
				9571DCE11D8CAA5B00D267E9 /* Base */,
			);
			name = LaunchScreen.storyboard;
			sourceTree = "<group>";
		};
/* End PBXVariantGroup section */

/* Begin XCBuildConfiguration section */
		9571DCE41D8CAA5B00D267E9 /* Debug */ = {
			isa = XCBuildConfiguration;
			buildSettings = {
				ALWAYS_SEARCH_USER_PATHS = NO;
				CLANG_ANALYZER_NONNULL = YES;
				CLANG_CXX_LANGUAGE_STANDARD = "gnu++0x";
				CLANG_CXX_LIBRARY = "libc++";
				CLANG_ENABLE_MODULES = YES;
				CLANG_ENABLE_OBJC_ARC = YES;
				CLANG_WARN_BOOL_CONVERSION = YES;
				CLANG_WARN_CONSTANT_CONVERSION = YES;
				CLANG_WARN_DIRECT_OBJC_ISA_USAGE = YES_ERROR;
				CLANG_WARN_EMPTY_BODY = YES;
				CLANG_WARN_ENUM_CONVERSION = YES;
				CLANG_WARN_INT_CONVERSION = YES;
				CLANG_WARN_OBJC_ROOT_CLASS = YES_ERROR;
				CLANG_WARN_UNREACHABLE_CODE = YES;
				CLANG_WARN__DUPLICATE_METHOD_MATCH = YES;
				"CODE_SIGN_IDENTITY[sdk=iphoneos*]" = "iPhone Developer";
				COPY_PHASE_STRIP = NO;
				DEBUG_INFORMATION_FORMAT = "dwarf-with-dsym";
				ENABLE_STRICT_OBJC_MSGSEND = YES;
				ENABLE_TESTABILITY = YES;
				GCC_C_LANGUAGE_STANDARD = gnu99;
				GCC_DYNAMIC_NO_PIC = NO;
				GCC_NO_COMMON_BLOCKS = YES;
				GCC_OPTIMIZATION_LEVEL = 0;
				GCC_PREPROCESSOR_DEFINITIONS = (
					"DEBUG=1",
					"$(inherited)",
				);
				GCC_WARN_64_TO_32_BIT_CONVERSION = YES;
				GCC_WARN_ABOUT_RETURN_TYPE = YES_ERROR;
				GCC_WARN_UNDECLARED_SELECTOR = YES;
				GCC_WARN_UNINITIALIZED_AUTOS = YES_AGGRESSIVE;
				GCC_WARN_UNUSED_FUNCTION = YES;
				GCC_WARN_UNUSED_VARIABLE = YES;
				IPHONEOS_DEPLOYMENT_TARGET = 9.3;
				MTL_ENABLE_DEBUG_INFO = YES;
				ONLY_ACTIVE_ARCH = YES;
				SDKROOT = iphoneos;
				SWIFT_OPTIMIZATION_LEVEL = "-Onone";
				TARGETED_DEVICE_FAMILY = 2;
			};
			name = Debug;
		};
		9571DCE51D8CAA5B00D267E9 /* Release */ = {
			isa = XCBuildConfiguration;
			buildSettings = {
				ALWAYS_SEARCH_USER_PATHS = NO;
				CLANG_ANALYZER_NONNULL = YES;
				CLANG_CXX_LANGUAGE_STANDARD = "gnu++0x";
				CLANG_CXX_LIBRARY = "libc++";
				CLANG_ENABLE_MODULES = YES;
				CLANG_ENABLE_OBJC_ARC = YES;
				CLANG_WARN_BOOL_CONVERSION = YES;
				CLANG_WARN_CONSTANT_CONVERSION = YES;
				CLANG_WARN_DIRECT_OBJC_ISA_USAGE = YES_ERROR;
				CLANG_WARN_EMPTY_BODY = YES;
				CLANG_WARN_ENUM_CONVERSION = YES;
				CLANG_WARN_INT_CONVERSION = YES;
				CLANG_WARN_OBJC_ROOT_CLASS = YES_ERROR;
				CLANG_WARN_UNREACHABLE_CODE = YES;
				CLANG_WARN__DUPLICATE_METHOD_MATCH = YES;
				"CODE_SIGN_IDENTITY[sdk=iphoneos*]" = "iPhone Developer";
				COPY_PHASE_STRIP = NO;
				DEBUG_INFORMATION_FORMAT = "dwarf-with-dsym";
				ENABLE_NS_ASSERTIONS = NO;
				ENABLE_STRICT_OBJC_MSGSEND = YES;
				GCC_C_LANGUAGE_STANDARD = gnu99;
				GCC_NO_COMMON_BLOCKS = YES;
				GCC_WARN_64_TO_32_BIT_CONVERSION = YES;
				GCC_WARN_ABOUT_RETURN_TYPE = YES_ERROR;
				GCC_WARN_UNDECLARED_SELECTOR = YES;
				GCC_WARN_UNINITIALIZED_AUTOS = YES_AGGRESSIVE;
				GCC_WARN_UNUSED_FUNCTION = YES;
				GCC_WARN_UNUSED_VARIABLE = YES;
				IPHONEOS_DEPLOYMENT_TARGET = 9.3;
				MTL_ENABLE_DEBUG_INFO = NO;
				SDKROOT = iphoneos;
				TARGETED_DEVICE_FAMILY = 2;
				VALIDATE_PRODUCT = YES;
			};
			name = Release;
		};
		9571DCE71D8CAA5B00D267E9 /* Debug */ = {
			isa = XCBuildConfiguration;
			buildSettings = {
				ASSETCATALOG_COMPILER_APPICON_NAME = AppIcon;
				INFOPLIST_FILE = Project29/Info.plist;
				LD_RUNPATH_SEARCH_PATHS = "$(inherited) @executable_path/Frameworks";
				PRODUCT_BUNDLE_IDENTIFIER = com.jeffeng.Project29;
				PRODUCT_NAME = "$(TARGET_NAME)";
			};
			name = Debug;
		};
		9571DCE81D8CAA5B00D267E9 /* Release */ = {
			isa = XCBuildConfiguration;
			buildSettings = {
				ASSETCATALOG_COMPILER_APPICON_NAME = AppIcon;
				INFOPLIST_FILE = Project29/Info.plist;
				LD_RUNPATH_SEARCH_PATHS = "$(inherited) @executable_path/Frameworks";
				PRODUCT_BUNDLE_IDENTIFIER = com.jeffeng.Project29;
				PRODUCT_NAME = "$(TARGET_NAME)";
			};
			name = Release;
		};
/* End XCBuildConfiguration section */

/* Begin XCConfigurationList section */
		9571DCCB1D8CAA5B00D267E9 /* Build configuration list for PBXProject "Project29" */ = {
			isa = XCConfigurationList;
			buildConfigurations = (
				9571DCE41D8CAA5B00D267E9 /* Debug */,
				9571DCE51D8CAA5B00D267E9 /* Release */,
			);
			defaultConfigurationIsVisible = 0;
			defaultConfigurationName = Release;
		};
		9571DCE61D8CAA5B00D267E9 /* Build configuration list for PBXNativeTarget "Project29" */ = {
			isa = XCConfigurationList;
			buildConfigurations = (
				9571DCE71D8CAA5B00D267E9 /* Debug */,
				9571DCE81D8CAA5B00D267E9 /* Release */,
			);
			defaultConfigurationIsVisible = 0;
			defaultConfigurationName = Release;
		};
/* End XCConfigurationList section */
	};
	rootObject = 9571DCC81D8CAA5B00D267E9 /* Project object */;
}
